{
  "name": "moj-theme",
  "version": "1.0.0",
  "lockfileVersion": 1,
  "requires": true,
  "dependencies": {
    "bootstrap": {
      "version": "https://registry.npmjs.org/bootstrap/-/bootstrap-3.3.7.tgz",
      "integrity": "sha1-WjiTlFSfIzMIdaOxUGVldPip63E="
    },
    "font-awesome": {
      "version": "https://registry.npmjs.org/font-awesome/-/font-awesome-4.7.0.tgz",
      "integrity": "sha1-j6jPBBGhoxr9B7BtKQK7n8gVoTM="
    },
    "jquery": {
      "version": "https://registry.npmjs.org/jquery/-/jquery-3.2.1.tgz",
      "integrity": "sha1-XE2d5lKvbNCncBVKYxu6ErAVx4c="
    },
    "linearicons": {
      "version": "1.0.0",
      "resolved": "https://registry.npmjs.org/linearicons/-/linearicons-1.0.0.tgz",
      "integrity": "sha1-dZa+2Da5knD1hbuiwLSTWcPkk48="
    },
    "vazir-font": {
      "version": "https://registry.npmjs.org/vazir-font/-/vazir-font-16.1.0.tgz",
      "integrity": "sha1-HlETrzwZADB/Mjt9jkLrpEtvfxU="
    }
  }
}
